{
  "name": "bird-ui",
  "version": "0.1.4",
  "lockfileVersion": 1,
  "requires": true,
  "dependencies": {
    "crud-model-class": {
      "version": "0.0.8",
      "resolved": "https://registry.npmjs.org/crud-model-class/-/crud-model-class-0.0.8.tgz",
      "integrity": "sha512-VwkwM+dmLkMa+JpcjSR2D6P5Y0Wonn32sQuHmZWwijketjlkuN9DSLXw3g3CaB8nH/DTmFz31xzY/QVPSknz3w=="
    }
  }
}
