{
  "name": "bird-ui",
  "version": "0.0.5",
  "lockfileVersion": 1,
  "requires": true,
  "dependencies": {
    "crud-model-class": {
      "version": "0.0.6",
      "resolved": "https://registry.npmjs.org/crud-model-class/-/crud-model-class-0.0.6.tgz",
      "integrity": "sha512-vaGeQ/vXl6Wv/yxEb0oMiiUFZHkDpURGWiR5PbQGhUuv6/7V890ieyWrZlXj7vzeTxtHW9hGXE0gAObvx7i4kw=="
    }
  }
}
